
Microsoft Visual Studio Solution File, Format Version 12.00
# Visual Studio Version 16
VisualStudioVersion = 16.0.29324.140
MinimumVisualStudioVersion = 10.0.40219.1
Project("{FAE04EC0-301F-11D3-BF4B-00C04F79EFBC}") = "Data", "Data\Data.csproj", "{DD8311E6-2E39-4864-B92B-E9FBA5010BFB}"
EndProject
Global
	GlobalSection(SolutionConfigurationPlatforms) = preSolution
		Debug|Any CPU = Debug|Any CPU
		Release|Any CPU = Release|Any CPU
	EndGlobalSection
	GlobalSection(ProjectConfigurationPlatforms) = postSolution
		{DD8311E6-2E39-4864-B92B-E9FBA5010BFB}.Debug|Any CPU.ActiveCfg = Debug|Any CPU
		{DD8311E6-2E39-4864-B92B-E9FBA5010BFB}.Debug|Any CPU.Build.0 = Debug|Any CPU
		{DD8311E6-2E39-4864-B92B-E9FBA5010BFB}.Release|Any CPU.ActiveCfg = Release|Any CPU
		{DD8311E6-2E39-4864-B92B-E9FBA5010BFB}.Release|Any CPU.Build.0 = Release|Any CPU
	EndGlobalSection
	GlobalSection(SolutionProperties) = preSolution
		HideSolutionNode = FALSE
	EndGlobalSection
	GlobalSection(ExtensibilityGlobals) = postSolution
		SolutionGuid = {C2414071-E1F5-45B0-8276-84F9852209D0}
	EndGlobalSection
EndGlobal
